// !$*UTF8*$!
{
	archiveVersion = 1;
	classes = {
	};
	objectVersion = 46;
	objects = {

/* Begin PBXBuildFile section */
		78379684177639BD00F809E5 /* UIKit.framework in Frameworks */ = {isa = PBXBuildFile; fileRef = 78379683177639BD00F809E5 /* UIKit.framework */; };
		78379686177639BD00F809E5 /* Foundation.framework in Frameworks */ = {isa = PBXBuildFile; fileRef = 78379685177639BD00F809E5 /* Foundation.framework */; };
		78379688177639BD00F809E5 /* CoreGraphics.framework in Frameworks */ = {isa = PBXBuildFile; fileRef = 78379687177639BD00F809E5 /* CoreGraphics.framework */; };
		7837968E177639BD00F809E5 /* InfoPlist.strings in Resources */ = {isa = PBXBuildFile; fileRef = 7837968C177639BD00F809E5 /* InfoPlist.strings */; };
		78379690177639BD00F809E5 /* main.m in Sources */ = {isa = PBXBuildFile; fileRef = 7837968F177639BD00F809E5 /* main.m */; };
		78379694177639BD00F809E5 /* AppDelegate.m in Sources */ = {isa = PBXBuildFile; fileRef = 78379693177639BD00F809E5 /* AppDelegate.m */; };
		7837969D177639BD00F809E5 /* MainStoryboard.storyboard in Resources */ = {isa = PBXBuildFile; fileRef = 7837969B177639BD00F809E5 /* MainStoryboard.storyboard */; };
		783796A8177639BE00F809E5 /* SenTestingKit.framework in Frameworks */ = {isa = PBXBuildFile; fileRef = 783796A7177639BE00F809E5 /* SenTestingKit.framework */; };
		783796A9177639BE00F809E5 /* UIKit.framework in Frameworks */ = {isa = PBXBuildFile; fileRef = 78379683177639BD00F809E5 /* UIKit.framework */; };
		783796AA177639BE00F809E5 /* Foundation.framework in Frameworks */ = {isa = PBXBuildFile; fileRef = 78379685177639BD00F809E5 /* Foundation.framework */; };
		783796B2177639BE00F809E5 /* InfoPlist.strings in Resources */ = {isa = PBXBuildFile; fileRef = 783796B0177639BE00F809E5 /* InfoPlist.strings */; };
		783796B5177639BE00F809E5 /* AcuaTests.m in Sources */ = {isa = PBXBuildFile; fileRef = 783796B4177639BE00F809E5 /* AcuaTests.m */; };
		783796C01776424200F809E5 /* splashViewController.m in Sources */ = {isa = PBXBuildFile; fileRef = 783796BF1776424200F809E5 /* splashViewController.m */; };
		783796C2177645E700F809E5 /* menuButton.jpeg in Resources */ = {isa = PBXBuildFile; fileRef = 783796C1177645E700F809E5 /* menuButton.jpeg */; };
		783796C417764BB800F809E5 /* menuButtonR.jpeg in Resources */ = {isa = PBXBuildFile; fileRef = 783796C317764BB800F809E5 /* menuButtonR.jpeg */; };
		789E6A4A177B5C5100FDD9A4 /* menuButtonSelect.jpeg in Resources */ = {isa = PBXBuildFile; fileRef = 789E6A49177B5C5100FDD9A4 /* menuButtonSelect.jpeg */; };
		78F1748D1778B28400FC6D72 /* libsqlite3.dylib in Frameworks */ = {isa = PBXBuildFile; fileRef = 78F1748C1778B28400FC6D72 /* libsqlite3.dylib */; };
		78F1748E1778C25300FC6D72 /* libsqlite3.dylib in Frameworks */ = {isa = PBXBuildFile; fileRef = 78F1748C1778B28400FC6D72 /* libsqlite3.dylib */; };
		78F174901778CB8900FC6D72 /* Default-568h@2x.png in Resources */ = {isa = PBXBuildFile; fileRef = 78F1748F1778CB8900FC6D72 /* Default-568h@2x.png */; };
		D80F9CA0177BA04700B1805E /* AdventPro-Light.ttf in Resources */ = {isa = PBXBuildFile; fileRef = D80F9C9F177BA04700B1805E /* AdventPro-Light.ttf */; };
		D80F9CA2177BA04D00B1805E /* AdventPro-Regular.ttf in Resources */ = {isa = PBXBuildFile; fileRef = D80F9CA1177BA04D00B1805E /* AdventPro-Regular.ttf */; };
		D85F3EF4177BCAF000948772 /* Acua_Load_Screen@2x.png in Resources */ = {isa = PBXBuildFile; fileRef = D85F3EF0177BCAF000948772 /* Acua_Load_Screen@2x.png */; };
		D85F3EF5177BCAF000948772 /* Acua_Logo@2x.png in Resources */ = {isa = PBXBuildFile; fileRef = D85F3EF1177BCAF000948772 /* Acua_Logo@2x.png */; };
		D85F3EF6177BCAF000948772 /* Add_Pull_Tab@2x.png in Resources */ = {isa = PBXBuildFile; fileRef = D85F3EF2177BCAF000948772 /* Add_Pull_Tab@2x.png */; };
		D8AA3025177B9DD60027ACA4 /* statsViewController.m in Sources */ = {isa = PBXBuildFile; fileRef = D8AA3024177B9DD60027ACA4 /* statsViewController.m */; };
		D8F19BA4177BCDCF0015C13A /* Menu_Pull_Tab@2x.png in Resources */ = {isa = PBXBuildFile; fileRef = D8F19BA3177BCDCF0015C13A /* Menu_Pull_Tab@2x.png */; };
/* End PBXBuildFile section */

/* Begin PBXContainerItemProxy section */
		783796AB177639BE00F809E5 /* PBXContainerItemProxy */ = {
			isa = PBXContainerItemProxy;
			containerPortal = 78379678177639BD00F809E5 /* Project object */;
			proxyType = 1;
			remoteGlobalIDString = 7837967F177639BD00F809E5;
			remoteInfo = Aqua;
		};
/* End PBXContainerItemProxy section */

/* Begin PBXFileReference section */
		78379680177639BD00F809E5 /* Acua.app */ = {isa = PBXFileReference; explicitFileType = wrapper.application; includeInIndex = 0; path = Acua.app; sourceTree = BUILT_PRODUCTS_DIR; };
		78379683177639BD00F809E5 /* UIKit.framework */ = {isa = PBXFileReference; lastKnownFileType = wrapper.framework; name = UIKit.framework; path = System/Library/Frameworks/UIKit.framework; sourceTree = SDKROOT; };
		78379685177639BD00F809E5 /* Foundation.framework */ = {isa = PBXFileReference; lastKnownFileType = wrapper.framework; name = Foundation.framework; path = System/Library/Frameworks/Foundation.framework; sourceTree = SDKROOT; };
		78379687177639BD00F809E5 /* CoreGraphics.framework */ = {isa = PBXFileReference; lastKnownFileType = wrapper.framework; name = CoreGraphics.framework; path = System/Library/Frameworks/CoreGraphics.framework; sourceTree = SDKROOT; };
		7837968B177639BD00F809E5 /* Acua-Info.plist */ = {isa = PBXFileReference; lastKnownFileType = text.plist.xml; path = "Acua-Info.plist"; sourceTree = "<group>"; };
		7837968D177639BD00F809E5 /* en */ = {isa = PBXFileReference; lastKnownFileType = text.plist.strings; name = en; path = en.lproj/InfoPlist.strings; sourceTree = "<group>"; };
		7837968F177639BD00F809E5 /* main.m */ = {isa = PBXFileReference; lastKnownFileType = sourcecode.c.objc; path = main.m; sourceTree = "<group>"; };
		78379691177639BD00F809E5 /* Acua-Prefix.pch */ = {isa = PBXFileReference; lastKnownFileType = sourcecode.c.h; path = "Acua-Prefix.pch"; sourceTree = "<group>"; };
		78379693177639BD00F809E5 /* AppDelegate.m */ = {isa = PBXFileReference; lastKnownFileType = sourcecode.c.objc; path = AppDelegate.m; sourceTree = "<group>"; };
		7837969C177639BD00F809E5 /* en */ = {isa = PBXFileReference; lastKnownFileType = file.storyboard; name = en; path = en.lproj/MainStoryboard.storyboard; sourceTree = "<group>"; };
		783796A6177639BE00F809E5 /* AcuaTests.octest */ = {isa = PBXFileReference; explicitFileType = wrapper.cfbundle; includeInIndex = 0; path = AcuaTests.octest; sourceTree = BUILT_PRODUCTS_DIR; };
		783796A7177639BE00F809E5 /* SenTestingKit.framework */ = {isa = PBXFileReference; lastKnownFileType = wrapper.framework; name = SenTestingKit.framework; path = Library/Frameworks/SenTestingKit.framework; sourceTree = DEVELOPER_DIR; };
		783796AF177639BE00F809E5 /* AcuaTests-Info.plist */ = {isa = PBXFileReference; lastKnownFileType = text.plist.xml; path = "AcuaTests-Info.plist"; sourceTree = "<group>"; };
		783796B1177639BE00F809E5 /* en */ = {isa = PBXFileReference; lastKnownFileType = text.plist.strings; name = en; path = en.lproj/InfoPlist.strings; sourceTree = "<group>"; };
		783796B3177639BE00F809E5 /* AcuaTests.h */ = {isa = PBXFileReference; lastKnownFileType = sourcecode.c.h; path = AcuaTests.h; sourceTree = "<group>"; };
		783796B4177639BE00F809E5 /* AcuaTests.m */ = {isa = PBXFileReference; lastKnownFileType = sourcecode.c.objc; path = AcuaTests.m; sourceTree = "<group>"; };
		783796BE1776424200F809E5 /* splashViewController.h */ = {isa = PBXFileReference; fileEncoding = 4; lastKnownFileType = sourcecode.c.h; path = splashViewController.h; sourceTree = "<group>"; };
		783796BF1776424200F809E5 /* splashViewController.m */ = {isa = PBXFileReference; fileEncoding = 4; lastKnownFileType = sourcecode.c.objc; path = splashViewController.m; sourceTree = "<group>"; };
		783796C1177645E700F809E5 /* menuButton.jpeg */ = {isa = PBXFileReference; lastKnownFileType = image.jpeg; path = menuButton.jpeg; sourceTree = "<group>"; };
		783796C317764BB800F809E5 /* menuButtonR.jpeg */ = {isa = PBXFileReference; lastKnownFileType = image.jpeg; path = menuButtonR.jpeg; sourceTree = "<group>"; };
		789E6A49177B5C5100FDD9A4 /* menuButtonSelect.jpeg */ = {isa = PBXFileReference; lastKnownFileType = image.jpeg; path = menuButtonSelect.jpeg; sourceTree = "<group>"; };
		78F1748C1778B28400FC6D72 /* libsqlite3.dylib */ = {isa = PBXFileReference; lastKnownFileType = "compiled.mach-o.dylib"; name = libsqlite3.dylib; path = usr/lib/libsqlite3.dylib; sourceTree = SDKROOT; };
		78F1748F1778CB8900FC6D72 /* Default-568h@2x.png */ = {isa = PBXFileReference; lastKnownFileType = image.png; name = "Default-568h@2x.png"; path = "../Default-568h@2x.png"; sourceTree = "<group>"; };
		D80F9C9F177BA04700B1805E /* AdventPro-Light.ttf */ = {isa = PBXFileReference; lastKnownFileType = file; path = "AdventPro-Light.ttf"; sourceTree = "<group>"; };
		D80F9CA1177BA04D00B1805E /* AdventPro-Regular.ttf */ = {isa = PBXFileReference; lastKnownFileType = file; path = "AdventPro-Regular.ttf"; sourceTree = "<group>"; };
		D85F3EF0177BCAF000948772 /* Acua_Load_Screen@2x.png */ = {isa = PBXFileReference; lastKnownFileType = image.png; name = "Acua_Load_Screen@2x.png"; path = "Resources/PNG/Acua_Load_Screen@2x.png"; sourceTree = SOURCE_ROOT; };
		D85F3EF1177BCAF000948772 /* Acua_Logo@2x.png */ = {isa = PBXFileReference; lastKnownFileType = image.png; name = "Acua_Logo@2x.png"; path = "Resources/PNG/Acua_Logo@2x.png"; sourceTree = SOURCE_ROOT; };
		D85F3EF2177BCAF000948772 /* Add_Pull_Tab@2x.png */ = {isa = PBXFileReference; lastKnownFileType = image.png; name = "Add_Pull_Tab@2x.png"; path = "Resources/PNG/Add_Pull_Tab@2x.png"; sourceTree = SOURCE_ROOT; };
		D8AA3023177B9DC90027ACA4 /* statsViewController.h */ = {isa = PBXFileReference; fileEncoding = 4; lastKnownFileType = sourcecode.c.h; path = statsViewController.h; sourceTree = "<group>"; };
		D8AA3024177B9DD60027ACA4 /* statsViewController.m */ = {isa = PBXFileReference; fileEncoding = 4; lastKnownFileType = sourcecode.c.objc; path = statsViewController.m; sourceTree = "<group>"; };
		D8AA3026177B9DE00027ACA4 /* AppDelegate.h */ = {isa = PBXFileReference; fileEncoding = 4; lastKnownFileType = sourcecode.c.h; path = AppDelegate.h; sourceTree = "<group>"; };
		D8F19BA3177BCDCF0015C13A /* Menu_Pull_Tab@2x.png */ = {isa = PBXFileReference; lastKnownFileType = image.png; name = "Menu_Pull_Tab@2x.png"; path = "Resources/PNG/Menu_Pull_Tab@2x.png"; sourceTree = SOURCE_ROOT; };
/* End PBXFileReference section */

/* Begin PBXFrameworksBuildPhase section */
		7837967D177639BD00F809E5 /* Frameworks */ = {
			isa = PBXFrameworksBuildPhase;
			buildActionMask = 2147483647;
			files = (
				78F1748E1778C25300FC6D72 /* libsqlite3.dylib in Frameworks */,
				78379684177639BD00F809E5 /* UIKit.framework in Frameworks */,
				78379686177639BD00F809E5 /* Foundation.framework in Frameworks */,
				78379688177639BD00F809E5 /* CoreGraphics.framework in Frameworks */,
			);
			runOnlyForDeploymentPostprocessing = 0;
		};
		783796A2177639BE00F809E5 /* Frameworks */ = {
			isa = PBXFrameworksBuildPhase;
			buildActionMask = 2147483647;
			files = (
				78F1748D1778B28400FC6D72 /* libsqlite3.dylib in Frameworks */,
				783796A8177639BE00F809E5 /* SenTestingKit.framework in Frameworks */,
				783796A9177639BE00F809E5 /* UIKit.framework in Frameworks */,
				783796AA177639BE00F809E5 /* Foundation.framework in Frameworks */,
			);
			runOnlyForDeploymentPostprocessing = 0;
		};
/* End PBXFrameworksBuildPhase section */

/* Begin PBXGroup section */
		78379677177639BD00F809E5 = {
			isa = PBXGroup;
			children = (
				78379689177639BD00F809E5 /* Acua */,
				783796AD177639BE00F809E5 /* AcuaTests */,
				78379682177639BD00F809E5 /* Frameworks */,
				78379681177639BD00F809E5 /* Products */,
			);
			sourceTree = "<group>";
		};
		78379681177639BD00F809E5 /* Products */ = {
			isa = PBXGroup;
			children = (
				78379680177639BD00F809E5 /* Acua.app */,
				783796A6177639BE00F809E5 /* AcuaTests.octest */,
			);
			name = Products;
			sourceTree = "<group>";
		};
		78379682177639BD00F809E5 /* Frameworks */ = {
			isa = PBXGroup;
			children = (
				78F1748C1778B28400FC6D72 /* libsqlite3.dylib */,
				78379683177639BD00F809E5 /* UIKit.framework */,
				78379685177639BD00F809E5 /* Foundation.framework */,
				78379687177639BD00F809E5 /* CoreGraphics.framework */,
				783796A7177639BE00F809E5 /* SenTestingKit.framework */,
			);
			name = Frameworks;
			sourceTree = "<group>";
		};
		78379689177639BD00F809E5 /* Acua */ = {
			isa = PBXGroup;
			children = (
				78379693177639BD00F809E5 /* AppDelegate.m */,
				D8AA3026177B9DE00027ACA4 /* AppDelegate.h */,
				7837969B177639BD00F809E5 /* MainStoryboard.storyboard */,
				783796BE1776424200F809E5 /* splashViewController.h */,
				783796BF1776424200F809E5 /* splashViewController.m */,
				D8AA3023177B9DC90027ACA4 /* statsViewController.h */,
				D8AA3024177B9DD60027ACA4 /* statsViewController.m */,
				7837968A177639BD00F809E5 /* Supporting Files */,
			);
			name = Acua;
			path = Aqua;
			sourceTree = "<group>";
		};
		7837968A177639BD00F809E5 /* Supporting Files */ = {
			isa = PBXGroup;
			children = (
				D85F3EF0177BCAF000948772 /* Acua_Load_Screen@2x.png */,
				D85F3EF1177BCAF000948772 /* Acua_Logo@2x.png */,
				D85F3EF2177BCAF000948772 /* Add_Pull_Tab@2x.png */,
				D8F19BA3177BCDCF0015C13A /* Menu_Pull_Tab@2x.png */,
				D80F9C9F177BA04700B1805E /* AdventPro-Light.ttf */,
				D80F9CA1177BA04D00B1805E /* AdventPro-Regular.ttf */,
				7837968B177639BD00F809E5 /* Acua-Info.plist */,
				7837968C177639BD00F809E5 /* InfoPlist.strings */,
				7837968F177639BD00F809E5 /* main.m */,
				78379691177639BD00F809E5 /* Acua-Prefix.pch */,
				783796C1177645E700F809E5 /* menuButton.jpeg */,
				783796C317764BB800F809E5 /* menuButtonR.jpeg */,
				78F1748F1778CB8900FC6D72 /* Default-568h@2x.png */,
				789E6A49177B5C5100FDD9A4 /* menuButtonSelect.jpeg */,
			);
			name = "Supporting Files";
			sourceTree = "<group>";
		};
		783796AD177639BE00F809E5 /* AcuaTests */ = {
			isa = PBXGroup;
			children = (
				783796B3177639BE00F809E5 /* AcuaTests.h */,
				783796B4177639BE00F809E5 /* AcuaTests.m */,
				783796AE177639BE00F809E5 /* Supporting Files */,
			);
			name = AcuaTests;
			path = AquaTests;
			sourceTree = "<group>";
		};
		783796AE177639BE00F809E5 /* Supporting Files */ = {
			isa = PBXGroup;
			children = (
				783796AF177639BE00F809E5 /* AcuaTests-Info.plist */,
				783796B0177639BE00F809E5 /* InfoPlist.strings */,
			);
			name = "Supporting Files";
			sourceTree = "<group>";
		};
/* End PBXGroup section */

/* Begin PBXNativeTarget section */
		7837967F177639BD00F809E5 /* Acua */ = {
			isa = PBXNativeTarget;
			buildConfigurationList = 783796B8177639BE00F809E5 /* Build configuration list for PBXNativeTarget "Acua" */;
			buildPhases = (
				7837967C177639BD00F809E5 /* Sources */,
				7837967D177639BD00F809E5 /* Frameworks */,
				7837967E177639BD00F809E5 /* Resources */,
			);
			buildRules = (
			);
			dependencies = (
			);
			name = Acua;
			productName = Aqua;
			productReference = 78379680177639BD00F809E5 /* Acua.app */;
			productType = "com.apple.product-type.application";
		};
		783796A5177639BE00F809E5 /* AcuaTests */ = {
			isa = PBXNativeTarget;
			buildConfigurationList = 783796BB177639BE00F809E5 /* Build configuration list for PBXNativeTarget "AcuaTests" */;
			buildPhases = (
				783796A1177639BE00F809E5 /* Sources */,
				783796A2177639BE00F809E5 /* Frameworks */,
				783796A3177639BE00F809E5 /* Resources */,
				783796A4177639BE00F809E5 /* ShellScript */,
			);
			buildRules = (
			);
			dependencies = (
				783796AC177639BE00F809E5 /* PBXTargetDependency */,
			);
			name = AcuaTests;
			productName = AquaTests;
			productReference = 783796A6177639BE00F809E5 /* AcuaTests.octest */;
			productType = "com.apple.product-type.bundle";
		};
/* End PBXNativeTarget section */

/* Begin PBXProject section */
		78379678177639BD00F809E5 /* Project object */ = {
			isa = PBXProject;
			attributes = {
				LastUpgradeCheck = 0460;
				ORGANIZATIONNAME = "Zachary Gill";
			};
			buildConfigurationList = 7837967B177639BD00F809E5 /* Build configuration list for PBXProject "Acua" */;
			compatibilityVersion = "Xcode 3.2";
			developmentRegion = English;
			hasScannedForEncodings = 0;
			knownRegions = (
				en,
			);
			mainGroup = 78379677177639BD00F809E5;
			productRefGroup = 78379681177639BD00F809E5 /* Products */;
			projectDirPath = "";
			projectRoot = "";
			targets = (
				7837967F177639BD00F809E5 /* Acua */,
				783796A5177639BE00F809E5 /* AcuaTests */,
			);
		};
/* End PBXProject section */

/* Begin PBXResourcesBuildPhase section */
		7837967E177639BD00F809E5 /* Resources */ = {
			isa = PBXResourcesBuildPhase;
			buildActionMask = 2147483647;
			files = (
				7837968E177639BD00F809E5 /* InfoPlist.strings in Resources */,
				7837969D177639BD00F809E5 /* MainStoryboard.storyboard in Resources */,
				783796C2177645E700F809E5 /* menuButton.jpeg in Resources */,
				783796C417764BB800F809E5 /* menuButtonR.jpeg in Resources */,
				78F174901778CB8900FC6D72 /* Default-568h@2x.png in Resources */,
				789E6A4A177B5C5100FDD9A4 /* menuButtonSelect.jpeg in Resources */,
				D80F9CA0177BA04700B1805E /* AdventPro-Light.ttf in Resources */,
				D80F9CA2177BA04D00B1805E /* AdventPro-Regular.ttf in Resources */,
				D85F3EF4177BCAF000948772 /* Acua_Load_Screen@2x.png in Resources */,
				D85F3EF5177BCAF000948772 /* Acua_Logo@2x.png in Resources */,
				D85F3EF6177BCAF000948772 /* Add_Pull_Tab@2x.png in Resources */,
				D8F19BA4177BCDCF0015C13A /* Menu_Pull_Tab@2x.png in Resources */,
			);
			runOnlyForDeploymentPostprocessing = 0;
		};
		783796A3177639BE00F809E5 /* Resources */ = {
			isa = PBXResourcesBuildPhase;
			buildActionMask = 2147483647;
			files = (
				783796B2177639BE00F809E5 /* InfoPlist.strings in Resources */,
			);
			runOnlyForDeploymentPostprocessing = 0;
		};
/* End PBXResourcesBuildPhase section */

/* Begin PBXShellScriptBuildPhase section */
		783796A4177639BE00F809E5 /* ShellScript */ = {
			isa = PBXShellScriptBuildPhase;
			buildActionMask = 2147483647;
			files = (
			);
			inputPaths = (
			);
			outputPaths = (
			);
			runOnlyForDeploymentPostprocessing = 0;
			shellPath = /bin/sh;
			shellScript = "# Run the unit tests in this test bundle.\n\"${SYSTEM_DEVELOPER_DIR}/Tools/RunUnitTests\"\n";
		};
/* End PBXShellScriptBuildPhase section */

/* Begin PBXSourcesBuildPhase section */
		7837967C177639BD00F809E5 /* Sources */ = {
			isa = PBXSourcesBuildPhase;
			buildActionMask = 2147483647;
			files = (
				78379690177639BD00F809E5 /* main.m in Sources */,
				78379694177639BD00F809E5 /* AppDelegate.m in Sources */,
				783796C01776424200F809E5 /* splashViewController.m in Sources */,
				D8AA3025177B9DD60027ACA4 /* statsViewController.m in Sources */,
			);
			runOnlyForDeploymentPostprocessing = 0;
		};
		783796A1177639BE00F809E5 /* Sources */ = {
			isa = PBXSourcesBuildPhase;
			buildActionMask = 2147483647;
			files = (
				783796B5177639BE00F809E5 /* AcuaTests.m in Sources */,
			);
			runOnlyForDeploymentPostprocessing = 0;
		};
/* End PBXSourcesBuildPhase section */

/* Begin PBXTargetDependency section */
		783796AC177639BE00F809E5 /* PBXTargetDependency */ = {
			isa = PBXTargetDependency;
			target = 7837967F177639BD00F809E5 /* Acua */;
			targetProxy = 783796AB177639BE00F809E5 /* PBXContainerItemProxy */;
		};
/* End PBXTargetDependency section */

/* Begin PBXVariantGroup section */
		7837968C177639BD00F809E5 /* InfoPlist.strings */ = {
			isa = PBXVariantGroup;
			children = (
				7837968D177639BD00F809E5 /* en */,
			);
			name = InfoPlist.strings;
			sourceTree = "<group>";
		};
		7837969B177639BD00F809E5 /* MainStoryboard.storyboard */ = {
			isa = PBXVariantGroup;
			children = (
				7837969C177639BD00F809E5 /* en */,
			);
			name = MainStoryboard.storyboard;
			sourceTree = "<group>";
		};
		783796B0177639BE00F809E5 /* InfoPlist.strings */ = {
			isa = PBXVariantGroup;
			children = (
				783796B1177639BE00F809E5 /* en */,
			);
			name = InfoPlist.strings;
			sourceTree = "<group>";
		};
/* End PBXVariantGroup section */

/* Begin XCBuildConfiguration section */
		783796B6177639BE00F809E5 /* Debug */ = {
			isa = XCBuildConfiguration;
			buildSettings = {
				ALWAYS_SEARCH_USER_PATHS = NO;
				CLANG_CXX_LANGUAGE_STANDARD = "gnu++0x";
				CLANG_CXX_LIBRARY = "libc++";
				CLANG_ENABLE_OBJC_ARC = YES;
				CLANG_WARN_CONSTANT_CONVERSION = YES;
				CLANG_WARN_EMPTY_BODY = YES;
				CLANG_WARN_ENUM_CONVERSION = YES;
				CLANG_WARN_INT_CONVERSION = YES;
				CLANG_WARN__DUPLICATE_METHOD_MATCH = YES;
				"CODE_SIGN_IDENTITY[sdk=iphoneos*]" = "iPhone Developer";
				COPY_PHASE_STRIP = NO;
				GCC_C_LANGUAGE_STANDARD = gnu99;
				GCC_DYNAMIC_NO_PIC = NO;
				GCC_OPTIMIZATION_LEVEL = 0;
				GCC_PREPROCESSOR_DEFINITIONS = (
					"DEBUG=1",
					"$(inherited)",
				);
				GCC_SYMBOLS_PRIVATE_EXTERN = NO;
				GCC_WARN_ABOUT_RETURN_TYPE = YES;
				GCC_WARN_UNINITIALIZED_AUTOS = YES;
				GCC_WARN_UNUSED_VARIABLE = YES;
				IPHONEOS_DEPLOYMENT_TARGET = 6.1;
				ONLY_ACTIVE_ARCH = YES;
				SDKROOT = iphoneos;
			};
			name = Debug;
		};
		783796B7177639BE00F809E5 /* Release */ = {
			isa = XCBuildConfiguration;
			buildSettings = {
				ALWAYS_SEARCH_USER_PATHS = NO;
				CLANG_CXX_LANGUAGE_STANDARD = "gnu++0x";
				CLANG_CXX_LIBRARY = "libc++";
				CLANG_ENABLE_OBJC_ARC = YES;
				CLANG_WARN_CONSTANT_CONVERSION = YES;
				CLANG_WARN_EMPTY_BODY = YES;
				CLANG_WARN_ENUM_CONVERSION = YES;
				CLANG_WARN_INT_CONVERSION = YES;
				CLANG_WARN__DUPLICATE_METHOD_MATCH = YES;
				"CODE_SIGN_IDENTITY[sdk=iphoneos*]" = "iPhone Developer";
				COPY_PHASE_STRIP = YES;
				GCC_C_LANGUAGE_STANDARD = gnu99;
				GCC_WARN_ABOUT_RETURN_TYPE = YES;
				GCC_WARN_UNINITIALIZED_AUTOS = YES;
				GCC_WARN_UNUSED_VARIABLE = YES;
				IPHONEOS_DEPLOYMENT_TARGET = 6.1;
				OTHER_CFLAGS = "-DNS_BLOCK_ASSERTIONS=1";
				SDKROOT = iphoneos;
				VALIDATE_PRODUCT = YES;
			};
			name = Release;
		};
		783796B9177639BE00F809E5 /* Debug */ = {
			isa = XCBuildConfiguration;
			buildSettings = {
				GCC_PRECOMPILE_PREFIX_HEADER = YES;
				GCC_PREFIX_HEADER = "Aqua/Acua-Prefix.pch";
				INFOPLIST_FILE = "Aqua/Acua-Info.plist";
				PRODUCT_NAME = Acua;
				WRAPPER_EXTENSION = app;
			};
			name = Debug;
		};
		783796BA177639BE00F809E5 /* Release */ = {
			isa = XCBuildConfiguration;
			buildSettings = {
				GCC_PRECOMPILE_PREFIX_HEADER = YES;
				GCC_PREFIX_HEADER = "Aqua/Acua-Prefix.pch";
				INFOPLIST_FILE = "Aqua/Acua-Info.plist";
				PRODUCT_NAME = Acua;
				WRAPPER_EXTENSION = app;
			};
			name = Release;
		};
		783796BC177639BE00F809E5 /* Debug */ = {
			isa = XCBuildConfiguration;
			buildSettings = {
				BUNDLE_LOADER = "$(BUILT_PRODUCTS_DIR)/Aqua.app/Aqua";
				FRAMEWORK_SEARCH_PATHS = (
					"\"$(SDKROOT)/Developer/Library/Frameworks\"",
					"\"$(DEVELOPER_LIBRARY_DIR)/Frameworks\"",
				);
				GCC_PRECOMPILE_PREFIX_HEADER = YES;
				GCC_PREFIX_HEADER = "Aqua/Aqua-Prefix.pch";
				INFOPLIST_FILE = "AquaTests/AcuaTests-Info.plist";
				PRODUCT_NAME = AcuaTests;
				TEST_HOST = "$(BUNDLE_LOADER)";
				WRAPPER_EXTENSION = octest;
			};
			name = Debug;
		};
		783796BD177639BE00F809E5 /* Release */ = {
			isa = XCBuildConfiguration;
			buildSettings = {
				BUNDLE_LOADER = "$(BUILT_PRODUCTS_DIR)/Aqua.app/Aqua";
				FRAMEWORK_SEARCH_PATHS = (
					"\"$(SDKROOT)/Developer/Library/Frameworks\"",
					"\"$(DEVELOPER_LIBRARY_DIR)/Frameworks\"",
				);
				GCC_PRECOMPILE_PREFIX_HEADER = YES;
				GCC_PREFIX_HEADER = "Aqua/Aqua-Prefix.pch";
				INFOPLIST_FILE = "AquaTests/AcuaTests-Info.plist";
				PRODUCT_NAME = AcuaTests;
				TEST_HOST = "$(BUNDLE_LOADER)";
				WRAPPER_EXTENSION = octest;
			};
			name = Release;
		};
/* End XCBuildConfiguration section */

/* Begin XCConfigurationList section */
		7837967B177639BD00F809E5 /* Build configuration list for PBXProject "Acua" */ = {
			isa = XCConfigurationList;
			buildConfigurations = (
				783796B6177639BE00F809E5 /* Debug */,
				783796B7177639BE00F809E5 /* Release */,
			);
			defaultConfigurationIsVisible = 0;
			defaultConfigurationName = Release;
		};
		783796B8177639BE00F809E5 /* Build configuration list for PBXNativeTarget "Acua" */ = {
			isa = XCConfigurationList;
			buildConfigurations = (
				783796B9177639BE00F809E5 /* Debug */,
				783796BA177639BE00F809E5 /* Release */,
			);
			defaultConfigurationIsVisible = 0;
			defaultConfigurationName = Release;
		};
		783796BB177639BE00F809E5 /* Build configuration list for PBXNativeTarget "AcuaTests" */ = {
			isa = XCConfigurationList;
			buildConfigurations = (
				783796BC177639BE00F809E5 /* Debug */,
				783796BD177639BE00F809E5 /* Release */,
			);
			defaultConfigurationIsVisible = 0;
			defaultConfigurationName = Release;
		};
/* End XCConfigurationList section */
	};
	rootObject = 78379678177639BD00F809E5 /* Project object */;
}
